
Microsoft Visual Studio Solution File, Format Version 12.00
# Visual Studio Version 16
VisualStudioVersion = 25.0.1705.7
MinimumVisualStudioVersion = 10.0.40219.1
Project("{FAE04EC0-301F-11D3-BF4B-00C04F79EFBC}") = "BlogApp", "BlogApp\BlogApp.csproj", "{3766A966-3C70-4614-9709-C94BC6F3DB8D}"
EndProject
Global
	GlobalSection(SolutionConfigurationPlatforms) = preSolution
		Debug|Any CPU = Debug|Any CPU
		Release|Any CPU = Release|Any CPU
	EndGlobalSection
	GlobalSection(ProjectConfigurationPlatforms) = postSolution
		{3766A966-3C70-4614-9709-C94BC6F3DB8D}.Debug|Any CPU.ActiveCfg = Debug|Any CPU
		{3766A966-3C70-4614-9709-C94BC6F3DB8D}.Debug|Any CPU.Build.0 = Debug|Any CPU
		{3766A966-3C70-4614-9709-C94BC6F3DB8D}.Release|Any CPU.ActiveCfg = Release|Any CPU
		{3766A966-3C70-4614-9709-C94BC6F3DB8D}.Release|Any CPU.Build.0 = Release|Any CPU
	EndGlobalSection
	GlobalSection(SolutionProperties) = preSolution
		HideSolutionNode = FALSE
	EndGlobalSection
	GlobalSection(ExtensibilityGlobals) = postSolution
		SolutionGuid = {AF729D22-98AB-4141-A04B-E0B0E0B5A729}
	EndGlobalSection
EndGlobal
